// !$*UTF8*$!
{
	archiveVersion = 1;
	classes = {
	};
	objectVersion = 46;
	objects = {

/* Begin PBXBuildFile section */
		42FC3F9B1CF22A2900289E84 /* CoreLocation.framework in Frameworks */ = {isa = PBXBuildFile; fileRef = 42FC3F9A1CF22A2900289E84 /* CoreLocation.framework */; };
		CE55D65F1AFCDEB100106660 /* 2.jpg in Resources */ = {isa = PBXBuildFile; fileRef = CE55D6591AFCDEB100106660 /* 2.jpg */; };
		CE55D6601AFCDEB100106660 /* 4.jpg in Resources */ = {isa = PBXBuildFile; fileRef = CE55D65A1AFCDEB100106660 /* 4.jpg */; };
		CE55D6611AFCDEB100106660 /* 1.jpg in Resources */ = {isa = PBXBuildFile; fileRef = CE55D65B1AFCDEB100106660 /* 1.jpg */; };
		CE55D6621AFCDEB100106660 /* 5.jpg in Resources */ = {isa = PBXBuildFile; fileRef = CE55D65C1AFCDEB100106660 /* 5.jpg */; };
		CE55D6631AFCDEB100106660 /* 3.jpg in Resources */ = {isa = PBXBuildFile; fileRef = CE55D65D1AFCDEB100106660 /* 3.jpg */; };
		CE55D6641AFCDEB100106660 /* 6.jpg in Resources */ = {isa = PBXBuildFile; fileRef = CE55D65E1AFCDEB100106660 /* 6.jpg */; };
		CE7184671A5E11FA009B10F3 /* main.m in Sources */ = {isa = PBXBuildFile; fileRef = CE7184661A5E11FA009B10F3 /* main.m */; };
		CE71846A1A5E11FA009B10F3 /* AppDelegate.m in Sources */ = {isa = PBXBuildFile; fileRef = CE7184691A5E11FA009B10F3 /* AppDelegate.m */; };
		CE71846D1A5E11FA009B10F3 /* CentralViewController.m in Sources */ = {isa = PBXBuildFile; fileRef = CE71846C1A5E11FA009B10F3 /* CentralViewController.m */; };
		CE7184701A5E11FA009B10F3 /* PeripheralViewController.m in Sources */ = {isa = PBXBuildFile; fileRef = CE71846F1A5E11FA009B10F3 /* PeripheralViewController.m */; };
		CE7184731A5E11FA009B10F3 /* Main.storyboard in Resources */ = {isa = PBXBuildFile; fileRef = CE7184711A5E11FA009B10F3 /* Main.storyboard */; };
		CE7184751A5E11FA009B10F3 /* Images.xcassets in Resources */ = {isa = PBXBuildFile; fileRef = CE7184741A5E11FA009B10F3 /* Images.xcassets */; };
		CE7184781A5E11FA009B10F3 /* LaunchScreen.xib in Resources */ = {isa = PBXBuildFile; fileRef = CE7184761A5E11FA009B10F3 /* LaunchScreen.xib */; };
		CE7184841A5E11FA009B10F3 /* FQFliqBasicTests.m in Sources */ = {isa = PBXBuildFile; fileRef = CE7184831A5E11FA009B10F3 /* FQFliqBasicTests.m */; };
		CE71848F1A603B57009B10F3 /* CoreBluetooth.framework in Frameworks */ = {isa = PBXBuildFile; fileRef = CE71848E1A603B57009B10F3 /* CoreBluetooth.framework */; };
		CEA123E81CDD2F6100DBE3B0 /* BeaconsViewController.m in Sources */ = {isa = PBXBuildFile; fileRef = CEA123E71CDD2F6100DBE3B0 /* BeaconsViewController.m */; };
		CEA9CA281A65F064004A295E /* AddressBook.framework in Frameworks */ = {isa = PBXBuildFile; fileRef = CEA9CA271A65F064004A295E /* AddressBook.framework */; };
		CEC09BBF1A74320B007ED528 /* AddContactViewController.m in Sources */ = {isa = PBXBuildFile; fileRef = CEC09BBE1A74320B007ED528 /* AddContactViewController.m */; };
		CED3F5F21AF976950054C7F2 /* FQPeripheral.m in Sources */ = {isa = PBXBuildFile; fileRef = CED3F5F11AF976950054C7F2 /* FQPeripheral.m */; };
		CEDEB20E1ACC91AA00EC4A63 /* ScanViewController.m in Sources */ = {isa = PBXBuildFile; fileRef = CEDEB20D1ACC91AA00EC4A63 /* ScanViewController.m */; };
		E8BC579E3062D471A97FC0C5 /* libPods.a in Frameworks */ = {isa = PBXBuildFile; fileRef = A097AB9AF2BCDE184A1B3403 /* libPods.a */; };
/* End PBXBuildFile section */

/* Begin PBXContainerItemProxy section */
		CE71847E1A5E11FA009B10F3 /* PBXContainerItemProxy */ = {
			isa = PBXContainerItemProxy;
			containerPortal = CE7184591A5E11FA009B10F3 /* Project object */;
			proxyType = 1;
			remoteGlobalIDString = CE7184601A5E11FA009B10F3;
			remoteInfo = FQFliqBasic;
		};
/* End PBXContainerItemProxy section */

/* Begin PBXFileReference section */
		3BACCF5EB73C26285A45E1B5 /* Pods.release.xcconfig */ = {isa = PBXFileReference; includeInIndex = 1; lastKnownFileType = text.xcconfig; name = Pods.release.xcconfig; path = "Pods/Target Support Files/Pods/Pods.release.xcconfig"; sourceTree = "<group>"; };
		42FC3F9A1CF22A2900289E84 /* CoreLocation.framework */ = {isa = PBXFileReference; lastKnownFileType = wrapper.framework; name = CoreLocation.framework; path = System/Library/Frameworks/CoreLocation.framework; sourceTree = SDKROOT; };
		A097AB9AF2BCDE184A1B3403 /* libPods.a */ = {isa = PBXFileReference; explicitFileType = archive.ar; includeInIndex = 0; path = libPods.a; sourceTree = BUILT_PRODUCTS_DIR; };
		CE55D6591AFCDEB100106660 /* 2.jpg */ = {isa = PBXFileReference; lastKnownFileType = image.jpeg; path = 2.jpg; sourceTree = "<group>"; };
		CE55D65A1AFCDEB100106660 /* 4.jpg */ = {isa = PBXFileReference; lastKnownFileType = image.jpeg; path = 4.jpg; sourceTree = "<group>"; };
		CE55D65B1AFCDEB100106660 /* 1.jpg */ = {isa = PBXFileReference; lastKnownFileType = image.jpeg; path = 1.jpg; sourceTree = "<group>"; };
		CE55D65C1AFCDEB100106660 /* 5.jpg */ = {isa = PBXFileReference; lastKnownFileType = image.jpeg; path = 5.jpg; sourceTree = "<group>"; };
		CE55D65D1AFCDEB100106660 /* 3.jpg */ = {isa = PBXFileReference; lastKnownFileType = image.jpeg; path = 3.jpg; sourceTree = "<group>"; };
		CE55D65E1AFCDEB100106660 /* 6.jpg */ = {isa = PBXFileReference; lastKnownFileType = image.jpeg; path = 6.jpg; sourceTree = "<group>"; };
		CE7184611A5E11FA009B10F3 /* FQFliqBasic.app */ = {isa = PBXFileReference; explicitFileType = wrapper.application; includeInIndex = 0; path = FQFliqBasic.app; sourceTree = BUILT_PRODUCTS_DIR; };
		CE7184651A5E11FA009B10F3 /* Info.plist */ = {isa = PBXFileReference; lastKnownFileType = text.plist.xml; path = Info.plist; sourceTree = "<group>"; };
		CE7184661A5E11FA009B10F3 /* main.m */ = {isa = PBXFileReference; lastKnownFileType = sourcecode.c.objc; path = main.m; sourceTree = "<group>"; };
		CE7184681A5E11FA009B10F3 /* AppDelegate.h */ = {isa = PBXFileReference; lastKnownFileType = sourcecode.c.h; path = AppDelegate.h; sourceTree = "<group>"; };
		CE7184691A5E11FA009B10F3 /* AppDelegate.m */ = {isa = PBXFileReference; lastKnownFileType = sourcecode.c.objc; path = AppDelegate.m; sourceTree = "<group>"; };
		CE71846B1A5E11FA009B10F3 /* CentralViewController.h */ = {isa = PBXFileReference; lastKnownFileType = sourcecode.c.h; path = CentralViewController.h; sourceTree = "<group>"; };
		CE71846C1A5E11FA009B10F3 /* CentralViewController.m */ = {isa = PBXFileReference; lastKnownFileType = sourcecode.c.objc; path = CentralViewController.m; sourceTree = "<group>"; };
		CE71846E1A5E11FA009B10F3 /* PeripheralViewController.h */ = {isa = PBXFileReference; lastKnownFileType = sourcecode.c.h; path = PeripheralViewController.h; sourceTree = "<group>"; };
		CE71846F1A5E11FA009B10F3 /* PeripheralViewController.m */ = {isa = PBXFileReference; lastKnownFileType = sourcecode.c.objc; path = PeripheralViewController.m; sourceTree = "<group>"; };
		CE7184721A5E11FA009B10F3 /* Base */ = {isa = PBXFileReference; lastKnownFileType = file.storyboard; name = Base; path = Base.lproj/Main.storyboard; sourceTree = "<group>"; };
		CE7184741A5E11FA009B10F3 /* Images.xcassets */ = {isa = PBXFileReference; lastKnownFileType = folder.assetcatalog; path = Images.xcassets; sourceTree = "<group>"; };
		CE7184771A5E11FA009B10F3 /* Base */ = {isa = PBXFileReference; lastKnownFileType = file.xib; name = Base; path = Base.lproj/LaunchScreen.xib; sourceTree = "<group>"; };
		CE71847D1A5E11FA009B10F3 /* FQFliqBasicTests.xctest */ = {isa = PBXFileReference; explicitFileType = wrapper.cfbundle; includeInIndex = 0; path = FQFliqBasicTests.xctest; sourceTree = BUILT_PRODUCTS_DIR; };
		CE7184821A5E11FA009B10F3 /* Info.plist */ = {isa = PBXFileReference; lastKnownFileType = text.plist.xml; path = Info.plist; sourceTree = "<group>"; };
		CE7184831A5E11FA009B10F3 /* FQFliqBasicTests.m */ = {isa = PBXFileReference; lastKnownFileType = sourcecode.c.objc; path = FQFliqBasicTests.m; sourceTree = "<group>"; };
		CE71848E1A603B57009B10F3 /* CoreBluetooth.framework */ = {isa = PBXFileReference; lastKnownFileType = wrapper.framework; name = CoreBluetooth.framework; path = System/Library/Frameworks/CoreBluetooth.framework; sourceTree = SDKROOT; };
		CE7184901A603BC7009B10F3 /* UserValues.h */ = {isa = PBXFileReference; lastKnownFileType = sourcecode.c.h; path = UserValues.h; sourceTree = "<group>"; };
		CEA123E61CDD2F6100DBE3B0 /* BeaconsViewController.h */ = {isa = PBXFileReference; fileEncoding = 4; lastKnownFileType = sourcecode.c.h; path = BeaconsViewController.h; sourceTree = "<group>"; };
		CEA123E71CDD2F6100DBE3B0 /* BeaconsViewController.m */ = {isa = PBXFileReference; fileEncoding = 4; lastKnownFileType = sourcecode.c.objc; path = BeaconsViewController.m; sourceTree = "<group>"; };
		CEA9CA271A65F064004A295E /* AddressBook.framework */ = {isa = PBXFileReference; lastKnownFileType = wrapper.framework; name = AddressBook.framework; path = System/Library/Frameworks/AddressBook.framework; sourceTree = SDKROOT; };
		CEC09BBD1A74320B007ED528 /* AddContactViewController.h */ = {isa = PBXFileReference; fileEncoding = 4; lastKnownFileType = sourcecode.c.h; path = AddContactViewController.h; sourceTree = "<group>"; };
		CEC09BBE1A74320B007ED528 /* AddContactViewController.m */ = {isa = PBXFileReference; fileEncoding = 4; lastKnownFileType = sourcecode.c.objc; path = AddContactViewController.m; sourceTree = "<group>"; };
		CED3F5F01AF976950054C7F2 /* FQPeripheral.h */ = {isa = PBXFileReference; fileEncoding = 4; lastKnownFileType = sourcecode.c.h; path = FQPeripheral.h; sourceTree = "<group>"; };
		CED3F5F11AF976950054C7F2 /* FQPeripheral.m */ = {isa = PBXFileReference; fileEncoding = 4; lastKnownFileType = sourcecode.c.objc; path = FQPeripheral.m; sourceTree = "<group>"; };
		CEDEB20C1ACC91AA00EC4A63 /* ScanViewController.h */ = {isa = PBXFileReference; fileEncoding = 4; lastKnownFileType = sourcecode.c.h; path = ScanViewController.h; sourceTree = "<group>"; };
		CEDEB20D1ACC91AA00EC4A63 /* ScanViewController.m */ = {isa = PBXFileReference; fileEncoding = 4; lastKnownFileType = sourcecode.c.objc; path = ScanViewController.m; sourceTree = "<group>"; };
		E4B5A463BACB17A30E51C960 /* Pods.debug.xcconfig */ = {isa = PBXFileReference; includeInIndex = 1; lastKnownFileType = text.xcconfig; name = Pods.debug.xcconfig; path = "Pods/Target Support Files/Pods/Pods.debug.xcconfig"; sourceTree = "<group>"; };
/* End PBXFileReference section */

/* Begin PBXFrameworksBuildPhase section */
		CE71845E1A5E11FA009B10F3 /* Frameworks */ = {
			isa = PBXFrameworksBuildPhase;
			buildActionMask = 2147483647;
			files = (
				42FC3F9B1CF22A2900289E84 /* CoreLocation.framework in Frameworks */,
				CEA9CA281A65F064004A295E /* AddressBook.framework in Frameworks */,
				CE71848F1A603B57009B10F3 /* CoreBluetooth.framework in Frameworks */,
				E8BC579E3062D471A97FC0C5 /* libPods.a in Frameworks */,
			);
			runOnlyForDeploymentPostprocessing = 0;
		};
		CE71847A1A5E11FA009B10F3 /* Frameworks */ = {
			isa = PBXFrameworksBuildPhase;
			buildActionMask = 2147483647;
			files = (
			);
			runOnlyForDeploymentPostprocessing = 0;
		};
/* End PBXFrameworksBuildPhase section */

/* Begin PBXGroup section */
		A09E6402E472D795152812DA /* Pods */ = {
			isa = PBXGroup;
			children = (
				E4B5A463BACB17A30E51C960 /* Pods.debug.xcconfig */,
				3BACCF5EB73C26285A45E1B5 /* Pods.release.xcconfig */,
			);
			name = Pods;
			sourceTree = "<group>";
		};
		CE55D6581AFCDE6E00106660 /* Images */ = {
			isa = PBXGroup;
			children = (
				CE55D6591AFCDEB100106660 /* 2.jpg */,
				CE55D65A1AFCDEB100106660 /* 4.jpg */,
				CE55D65B1AFCDEB100106660 /* 1.jpg */,
				CE55D65C1AFCDEB100106660 /* 5.jpg */,
				CE55D65D1AFCDEB100106660 /* 3.jpg */,
				CE55D65E1AFCDEB100106660 /* 6.jpg */,
			);
			name = Images;
			sourceTree = "<group>";
		};
		CE7184581A5E11FA009B10F3 = {
			isa = PBXGroup;
			children = (
				CE71848D1A603B49009B10F3 /* Frameworks */,
				CE7184631A5E11FA009B10F3 /* FQFliqBasic */,
				CE7184801A5E11FA009B10F3 /* FQFliqBasicTests */,
				CE7184621A5E11FA009B10F3 /* Products */,
				A09E6402E472D795152812DA /* Pods */,
			);
			sourceTree = "<group>";
		};
		CE7184621A5E11FA009B10F3 /* Products */ = {
			isa = PBXGroup;
			children = (
				CE7184611A5E11FA009B10F3 /* FQFliqBasic.app */,
				CE71847D1A5E11FA009B10F3 /* FQFliqBasicTests.xctest */,
			);
			name = Products;
			sourceTree = "<group>";
		};
		CE7184631A5E11FA009B10F3 /* FQFliqBasic */ = {
			isa = PBXGroup;
			children = (
				CE7184681A5E11FA009B10F3 /* AppDelegate.h */,
				CE7184691A5E11FA009B10F3 /* AppDelegate.m */,
				CE7184711A5E11FA009B10F3 /* Main.storyboard */,
				CEDEB20C1ACC91AA00EC4A63 /* ScanViewController.h */,
				CEDEB20D1ACC91AA00EC4A63 /* ScanViewController.m */,
				CEA123E61CDD2F6100DBE3B0 /* BeaconsViewController.h */,
				CEA123E71CDD2F6100DBE3B0 /* BeaconsViewController.m */,
				CE71846B1A5E11FA009B10F3 /* CentralViewController.h */,
				CE71846C1A5E11FA009B10F3 /* CentralViewController.m */,
				CE71846E1A5E11FA009B10F3 /* PeripheralViewController.h */,
				CE71846F1A5E11FA009B10F3 /* PeripheralViewController.m */,
				CEC09BBD1A74320B007ED528 /* AddContactViewController.h */,
				CEC09BBE1A74320B007ED528 /* AddContactViewController.m */,
				CE7184901A603BC7009B10F3 /* UserValues.h */,
				CE7184741A5E11FA009B10F3 /* Images.xcassets */,
				CE7184761A5E11FA009B10F3 /* LaunchScreen.xib */,
				CE55D6581AFCDE6E00106660 /* Images */,
				CED3F5EF1AF976640054C7F2 /* Models */,
				CE7184641A5E11FA009B10F3 /* Supporting Files */,
			);
			path = FQFliqBasic;
			sourceTree = "<group>";
		};
		CE7184641A5E11FA009B10F3 /* Supporting Files */ = {
			isa = PBXGroup;
			children = (
				CE7184651A5E11FA009B10F3 /* Info.plist */,
				CE7184661A5E11FA009B10F3 /* main.m */,
			);
			name = "Supporting Files";
			sourceTree = "<group>";
		};
		CE7184801A5E11FA009B10F3 /* FQFliqBasicTests */ = {
			isa = PBXGroup;
			children = (
				CE7184831A5E11FA009B10F3 /* FQFliqBasicTests.m */,
				CE7184811A5E11FA009B10F3 /* Supporting Files */,
			);
			path = FQFliqBasicTests;
			sourceTree = "<group>";
		};
		CE7184811A5E11FA009B10F3 /* Supporting Files */ = {
			isa = PBXGroup;
			children = (
				CE7184821A5E11FA009B10F3 /* Info.plist */,
			);
			name = "Supporting Files";
			sourceTree = "<group>";
		};
		CE71848D1A603B49009B10F3 /* Frameworks */ = {
			isa = PBXGroup;
			children = (
				42FC3F9A1CF22A2900289E84 /* CoreLocation.framework */,
				CEA9CA271A65F064004A295E /* AddressBook.framework */,
				CE71848E1A603B57009B10F3 /* CoreBluetooth.framework */,
				A097AB9AF2BCDE184A1B3403 /* libPods.a */,
			);
			name = Frameworks;
			sourceTree = "<group>";
		};
		CED3F5EF1AF976640054C7F2 /* Models */ = {
			isa = PBXGroup;
			children = (
				CED3F5F01AF976950054C7F2 /* FQPeripheral.h */,
				CED3F5F11AF976950054C7F2 /* FQPeripheral.m */,
			);
			name = Models;
			sourceTree = "<group>";
		};
/* End PBXGroup section */

/* Begin PBXNativeTarget section */
		CE7184601A5E11FA009B10F3 /* FQFliqBasic */ = {
			isa = PBXNativeTarget;
			buildConfigurationList = CE7184871A5E11FA009B10F3 /* Build configuration list for PBXNativeTarget "FQFliqBasic" */;
			buildPhases = (
				6C5DF157891969503351162C /* Check Pods Manifest.lock */,
				CE71845D1A5E11FA009B10F3 /* Sources */,
				CE71845E1A5E11FA009B10F3 /* Frameworks */,
				CE71845F1A5E11FA009B10F3 /* Resources */,
				93556A6C1158C2C3EE90E7C4 /* Copy Pods Resources */,
			);
			buildRules = (
			);
			dependencies = (
			);
			name = FQFliqBasic;
			productName = FQFliqBasic;
			productReference = CE7184611A5E11FA009B10F3 /* FQFliqBasic.app */;
			productType = "com.apple.product-type.application";
		};
		CE71847C1A5E11FA009B10F3 /* FQFliqBasicTests */ = {
			isa = PBXNativeTarget;
			buildConfigurationList = CE71848A1A5E11FA009B10F3 /* Build configuration list for PBXNativeTarget "FQFliqBasicTests" */;
			buildPhases = (
				CE7184791A5E11FA009B10F3 /* Sources */,
				CE71847A1A5E11FA009B10F3 /* Frameworks */,
				CE71847B1A5E11FA009B10F3 /* Resources */,
			);
			buildRules = (
			);
			dependencies = (
				CE71847F1A5E11FA009B10F3 /* PBXTargetDependency */,
			);
			name = FQFliqBasicTests;
			productName = FQFliqBasicTests;
			productReference = CE71847D1A5E11FA009B10F3 /* FQFliqBasicTests.xctest */;
			productType = "com.apple.product-type.bundle.unit-test";
		};
/* End PBXNativeTarget section */

/* Begin PBXProject section */
		CE7184591A5E11FA009B10F3 /* Project object */ = {
			isa = PBXProject;
			attributes = {
				LastUpgradeCheck = 0710;
				ORGANIZATIONNAME = "Orestis Lykouropoulos";
				TargetAttributes = {
					CE7184601A5E11FA009B10F3 = {
						CreatedOnToolsVersion = 6.1.1;
						DevelopmentTeam = QDWQ7NTZS2;

					};
					CE71847C1A5E11FA009B10F3 = {
						CreatedOnToolsVersion = 6.1.1;
						DevelopmentTeam = Q88XV6A8TY;
						TestTargetID = CE7184601A5E11FA009B10F3;
					};
				};
			};
			buildConfigurationList = CE71845C1A5E11FA009B10F3 /* Build configuration list for PBXProject "FQFliqBasic" */;
			compatibilityVersion = "Xcode 3.2";
			developmentRegion = English;
			hasScannedForEncodings = 0;
			knownRegions = (
				en,
				Base,
			);
			mainGroup = CE7184581A5E11FA009B10F3;
			productRefGroup = CE7184621A5E11FA009B10F3 /* Products */;
			projectDirPath = "";
			projectRoot = "";
			targets = (
				CE7184601A5E11FA009B10F3 /* FQFliqBasic */,
				CE71847C1A5E11FA009B10F3 /* FQFliqBasicTests */,
			);
		};
/* End PBXProject section */

/* Begin PBXResourcesBuildPhase section */
		CE71845F1A5E11FA009B10F3 /* Resources */ = {
			isa = PBXResourcesBuildPhase;
			buildActionMask = 2147483647;
			files = (
				CE55D6641AFCDEB100106660 /* 6.jpg in Resources */,
				CE7184731A5E11FA009B10F3 /* Main.storyboard in Resources */,
				CE7184781A5E11FA009B10F3 /* LaunchScreen.xib in Resources */,
				CE55D65F1AFCDEB100106660 /* 2.jpg in Resources */,
				CE55D6611AFCDEB100106660 /* 1.jpg in Resources */,
				CE55D6621AFCDEB100106660 /* 5.jpg in Resources */,
				CE55D6601AFCDEB100106660 /* 4.jpg in Resources */,
				CE7184751A5E11FA009B10F3 /* Images.xcassets in Resources */,
				CE55D6631AFCDEB100106660 /* 3.jpg in Resources */,
			);
			runOnlyForDeploymentPostprocessing = 0;
		};
		CE71847B1A5E11FA009B10F3 /* Resources */ = {
			isa = PBXResourcesBuildPhase;
			buildActionMask = 2147483647;
			files = (
			);
			runOnlyForDeploymentPostprocessing = 0;
		};
/* End PBXResourcesBuildPhase section */

/* Begin PBXShellScriptBuildPhase section */
		6C5DF157891969503351162C /* Check Pods Manifest.lock */ = {
			isa = PBXShellScriptBuildPhase;
			buildActionMask = 2147483647;
			files = (
			);
			inputPaths = (
			);
			name = "Check Pods Manifest.lock";
			outputPaths = (
			);
			runOnlyForDeploymentPostprocessing = 0;
			shellPath = /bin/sh;
			shellScript = "diff \"${PODS_ROOT}/../Podfile.lock\" \"${PODS_ROOT}/Manifest.lock\" > /dev/null\nif [[ $? != 0 ]] ; then\n    cat << EOM\nerror: The sandbox is not in sync with the Podfile.lock. Run 'pod install' or update your CocoaPods installation.\nEOM\n    exit 1\nfi\n";
			showEnvVarsInLog = 0;
		};
		93556A6C1158C2C3EE90E7C4 /* Copy Pods Resources */ = {
			isa = PBXShellScriptBuildPhase;
			buildActionMask = 2147483647;
			files = (
			);
			inputPaths = (
			);
			name = "Copy Pods Resources";
			outputPaths = (
			);
			runOnlyForDeploymentPostprocessing = 0;
			shellPath = /bin/sh;
			shellScript = "\"${SRCROOT}/Pods/Target Support Files/Pods/Pods-resources.sh\"\n";
			showEnvVarsInLog = 0;
		};
/* End PBXShellScriptBuildPhase section */

/* Begin PBXSourcesBuildPhase section */
		CE71845D1A5E11FA009B10F3 /* Sources */ = {
			isa = PBXSourcesBuildPhase;
			buildActionMask = 2147483647;
			files = (
				CE7184701A5E11FA009B10F3 /* PeripheralViewController.m in Sources */,
				CEDEB20E1ACC91AA00EC4A63 /* ScanViewController.m in Sources */,
				CED3F5F21AF976950054C7F2 /* FQPeripheral.m in Sources */,
				CE71846A1A5E11FA009B10F3 /* AppDelegate.m in Sources */,
				CEA123E81CDD2F6100DBE3B0 /* BeaconsViewController.m in Sources */,
				CE71846D1A5E11FA009B10F3 /* CentralViewController.m in Sources */,
				CEC09BBF1A74320B007ED528 /* AddContactViewController.m in Sources */,
				CE7184671A5E11FA009B10F3 /* main.m in Sources */,
			);
			runOnlyForDeploymentPostprocessing = 0;
		};
		CE7184791A5E11FA009B10F3 /* Sources */ = {
			isa = PBXSourcesBuildPhase;
			buildActionMask = 2147483647;
			files = (
				CE7184841A5E11FA009B10F3 /* FQFliqBasicTests.m in Sources */,
			);
			runOnlyForDeploymentPostprocessing = 0;
		};
/* End PBXSourcesBuildPhase section */

/* Begin PBXTargetDependency section */
		CE71847F1A5E11FA009B10F3 /* PBXTargetDependency */ = {
			isa = PBXTargetDependency;
			target = CE7184601A5E11FA009B10F3 /* FQFliqBasic */;
			targetProxy = CE71847E1A5E11FA009B10F3 /* PBXContainerItemProxy */;
		};
/* End PBXTargetDependency section */

/* Begin PBXVariantGroup section */
		CE7184711A5E11FA009B10F3 /* Main.storyboard */ = {
			isa = PBXVariantGroup;
			children = (
				CE7184721A5E11FA009B10F3 /* Base */,
			);
			name = Main.storyboard;
			sourceTree = "<group>";
		};
		CE7184761A5E11FA009B10F3 /* LaunchScreen.xib */ = {
			isa = PBXVariantGroup;
			children = (
				CE7184771A5E11FA009B10F3 /* Base */,
			);
			name = LaunchScreen.xib;
			sourceTree = "<group>";
		};
/* End PBXVariantGroup section */

/* Begin XCBuildConfiguration section */
		CE7184851A5E11FA009B10F3 /* Debug */ = {
			isa = XCBuildConfiguration;
			buildSettings = {
				ALWAYS_SEARCH_USER_PATHS = NO;
				CLANG_CXX_LANGUAGE_STANDARD = "gnu++0x";
				CLANG_CXX_LIBRARY = "libc++";
				CLANG_ENABLE_MODULES = YES;
				CLANG_ENABLE_OBJC_ARC = YES;
				CLANG_WARN_BOOL_CONVERSION = YES;
				CLANG_WARN_CONSTANT_CONVERSION = YES;
				CLANG_WARN_DIRECT_OBJC_ISA_USAGE = YES_ERROR;
				CLANG_WARN_EMPTY_BODY = YES;
				CLANG_WARN_ENUM_CONVERSION = YES;
				CLANG_WARN_INT_CONVERSION = YES;
				CLANG_WARN_OBJC_ROOT_CLASS = YES_ERROR;
				CLANG_WARN_UNREACHABLE_CODE = YES;
				CLANG_WARN__DUPLICATE_METHOD_MATCH = YES;
				"CODE_SIGN_IDENTITY[sdk=iphoneos*]" = "iPhone Developer";
				COPY_PHASE_STRIP = NO;
				ENABLE_STRICT_OBJC_MSGSEND = YES;
				ENABLE_TESTABILITY = YES;
				GCC_C_LANGUAGE_STANDARD = gnu99;
				GCC_DYNAMIC_NO_PIC = NO;
				GCC_OPTIMIZATION_LEVEL = 0;
				GCC_PREPROCESSOR_DEFINITIONS = (
					"DEBUG=1",
					"$(inherited)",
				);
				GCC_SYMBOLS_PRIVATE_EXTERN = NO;
				GCC_WARN_64_TO_32_BIT_CONVERSION = YES;
				GCC_WARN_ABOUT_RETURN_TYPE = YES_ERROR;
				GCC_WARN_UNDECLARED_SELECTOR = YES;
				GCC_WARN_UNINITIALIZED_AUTOS = YES_AGGRESSIVE;
				GCC_WARN_UNUSED_FUNCTION = YES;
				GCC_WARN_UNUSED_VARIABLE = YES;
				IPHONEOS_DEPLOYMENT_TARGET = 8.1;
				MTL_ENABLE_DEBUG_INFO = YES;
				ONLY_ACTIVE_ARCH = YES;
				SDKROOT = iphoneos;
			};
			name = Debug;
		};
		CE7184861A5E11FA009B10F3 /* Release */ = {
			isa = XCBuildConfiguration;
			buildSettings = {
				ALWAYS_SEARCH_USER_PATHS = NO;
				CLANG_CXX_LANGUAGE_STANDARD = "gnu++0x";
				CLANG_CXX_LIBRARY = "libc++";
				CLANG_ENABLE_MODULES = YES;
				CLANG_ENABLE_OBJC_ARC = YES;
				CLANG_WARN_BOOL_CONVERSION = YES;
				CLANG_WARN_CONSTANT_CONVERSION = YES;
				CLANG_WARN_DIRECT_OBJC_ISA_USAGE = YES_ERROR;
				CLANG_WARN_EMPTY_BODY = YES;
				CLANG_WARN_ENUM_CONVERSION = YES;
				CLANG_WARN_INT_CONVERSION = YES;
				CLANG_WARN_OBJC_ROOT_CLASS = YES_ERROR;
				CLANG_WARN_UNREACHABLE_CODE = YES;
				CLANG_WARN__DUPLICATE_METHOD_MATCH = YES;
				"CODE_SIGN_IDENTITY[sdk=iphoneos*]" = "iPhone Developer";
				COPY_PHASE_STRIP = YES;
				ENABLE_NS_ASSERTIONS = NO;
				ENABLE_STRICT_OBJC_MSGSEND = YES;
				GCC_C_LANGUAGE_STANDARD = gnu99;
				GCC_WARN_64_TO_32_BIT_CONVERSION = YES;
				GCC_WARN_ABOUT_RETURN_TYPE = YES_ERROR;
				GCC_WARN_UNDECLARED_SELECTOR = YES;
				GCC_WARN_UNINITIALIZED_AUTOS = YES_AGGRESSIVE;
				GCC_WARN_UNUSED_FUNCTION = YES;
				GCC_WARN_UNUSED_VARIABLE = YES;
				IPHONEOS_DEPLOYMENT_TARGET = 8.1;
				MTL_ENABLE_DEBUG_INFO = NO;
				SDKROOT = iphoneos;
				VALIDATE_PRODUCT = YES;
			};
			name = Release;
		};
		CE7184881A5E11FA009B10F3 /* Debug */ = {
			isa = XCBuildConfiguration;
			baseConfigurationReference = E4B5A463BACB17A30E51C960 /* Pods.debug.xcconfig */;
			buildSettings = {
				ASSETCATALOG_COMPILER_APPICON_NAME = AppIcon;
				CODE_SIGN_IDENTITY = "iPhone Developer";
				"CODE_SIGN_IDENTITY[sdk=iphoneos*]" = "iPhone Developer";
				FRAMEWORK_SEARCH_PATHS = (
					"$(inherited)",
					/Users/olykos/Documents/FacebookSDK,
				);
				INFOPLIST_FILE = FQFliqBasic/Info.plist;
				IPHONEOS_DEPLOYMENT_TARGET = 8.1;
				LD_RUNPATH_SEARCH_PATHS = "$(inherited) @executable_path/Frameworks";
				PRODUCT_BUNDLE_IDENTIFIER = self.edu.emily.FQFliqBasic;
				PRODUCT_NAME = "$(TARGET_NAME)";
				PROVISIONING_PROFILE = "";
			};
			name = Debug;
		};
		CE7184891A5E11FA009B10F3 /* Release */ = {
			isa = XCBuildConfiguration;
			baseConfigurationReference = 3BACCF5EB73C26285A45E1B5 /* Pods.release.xcconfig */;
			buildSettings = {
				ASSETCATALOG_COMPILER_APPICON_NAME = AppIcon;
				CODE_SIGN_IDENTITY = "iPhone Developer";
				"CODE_SIGN_IDENTITY[sdk=iphoneos*]" = "iPhone Developer";
				FRAMEWORK_SEARCH_PATHS = (
					"$(inherited)",
					/Users/olykos/Documents/FacebookSDK,
				);
				INFOPLIST_FILE = FQFliqBasic/Info.plist;
				IPHONEOS_DEPLOYMENT_TARGET = 8.1;
				LD_RUNPATH_SEARCH_PATHS = "$(inherited) @executable_path/Frameworks";
				PRODUCT_BUNDLE_IDENTIFIER = self.edu.emily.FQFliqBasic;
				PRODUCT_NAME = "$(TARGET_NAME)";
				PROVISIONING_PROFILE = "";
			};
			name = Release;
		};
		CE71848B1A5E11FA009B10F3 /* Debug */ = {
			isa = XCBuildConfiguration;
			buildSettings = {
				BUNDLE_LOADER = "$(TEST_HOST)";
				CODE_SIGN_IDENTITY = "iPhone Developer";
				"CODE_SIGN_IDENTITY[sdk=iphoneos*]" = "iPhone Developer";
				FRAMEWORK_SEARCH_PATHS = (
					"$(SDKROOT)/Developer/Library/Frameworks",
					"$(inherited)",
				);
				GCC_PREPROCESSOR_DEFINITIONS = (
					"DEBUG=1",
					"$(inherited)",
				);
				INFOPLIST_FILE = FQFliqBasicTests/Info.plist;
				LD_RUNPATH_SEARCH_PATHS = "$(inherited) @executable_path/Frameworks @loader_path/Frameworks";
				PRODUCT_BUNDLE_IDENTIFIER = "self.edu.orestis.$(PRODUCT_NAME:rfc1034identifier)";
				PRODUCT_NAME = "$(TARGET_NAME)";
				PROVISIONING_PROFILE = "";
				TEST_HOST = "$(BUILT_PRODUCTS_DIR)/FQFliqBasic.app/FQFliqBasic";
			};
			name = Debug;
		};
		CE71848C1A5E11FA009B10F3 /* Release */ = {
			isa = XCBuildConfiguration;
			buildSettings = {
				BUNDLE_LOADER = "$(TEST_HOST)";
				CODE_SIGN_IDENTITY = "iPhone Developer";
				"CODE_SIGN_IDENTITY[sdk=iphoneos*]" = "iPhone Developer";
				FRAMEWORK_SEARCH_PATHS = (
					"$(SDKROOT)/Developer/Library/Frameworks",
					"$(inherited)",
				);
				INFOPLIST_FILE = FQFliqBasicTests/Info.plist;
				LD_RUNPATH_SEARCH_PATHS = "$(inherited) @executable_path/Frameworks @loader_path/Frameworks";
				PRODUCT_BUNDLE_IDENTIFIER = "self.edu.orestis.$(PRODUCT_NAME:rfc1034identifier)";
				PRODUCT_NAME = "$(TARGET_NAME)";
				PROVISIONING_PROFILE = "";
				TEST_HOST = "$(BUILT_PRODUCTS_DIR)/FQFliqBasic.app/FQFliqBasic";
			};
			name = Release;
		};
/* End XCBuildConfiguration section */

/* Begin XCConfigurationList section */
		CE71845C1A5E11FA009B10F3 /* Build configuration list for PBXProject "FQFliqBasic" */ = {
			isa = XCConfigurationList;
			buildConfigurations = (
				CE7184851A5E11FA009B10F3 /* Debug */,
				CE7184861A5E11FA009B10F3 /* Release */,
			);
			defaultConfigurationIsVisible = 0;
			defaultConfigurationName = Release;
		};
		CE7184871A5E11FA009B10F3 /* Build configuration list for PBXNativeTarget "FQFliqBasic" */ = {
			isa = XCConfigurationList;
			buildConfigurations = (
				CE7184881A5E11FA009B10F3 /* Debug */,
				CE7184891A5E11FA009B10F3 /* Release */,
			);
			defaultConfigurationIsVisible = 0;
			defaultConfigurationName = Release;
		};
		CE71848A1A5E11FA009B10F3 /* Build configuration list for PBXNativeTarget "FQFliqBasicTests" */ = {
			isa = XCConfigurationList;
			buildConfigurations = (
				CE71848B1A5E11FA009B10F3 /* Debug */,
				CE71848C1A5E11FA009B10F3 /* Release */,
			);
			defaultConfigurationIsVisible = 0;
			defaultConfigurationName = Release;
		};
/* End XCConfigurationList section */
	};
	rootObject = CE7184591A5E11FA009B10F3 /* Project object */;
}
