<?xml version="1.0" encoding="UTF-8"?>
<!DOCTYPE plist PUBLIC "-//Apple//DTD PLIST 1.0//EN" "http://www.apple.com/DTDs/PropertyList-1.0.dtd">
<plist version="1.0">
<dict>
	<key>archiveVersion</key>
	<string>1</string>
	<key>classes</key>
	<dict/>
	<key>objectVersion</key>
	<string>46</string>
	<key>objects</key>
	<dict>
		<key>3BACCF5EB73C26285A45E1B5</key>
		<dict>
			<key>includeInIndex</key>
			<string>1</string>
			<key>isa</key>
			<string>PBXFileReference</string>
			<key>lastKnownFileType</key>
			<string>text.xcconfig</string>
			<key>name</key>
			<string>Pods.release.xcconfig</string>
			<key>path</key>
			<string>Pods/Target Support Files/Pods/Pods.release.xcconfig</string>
			<key>sourceTree</key>
			<string>&lt;group&gt;</string>
		</dict>
		<key>6C5DF157891969503351162C</key>
		<dict>
			<key>buildActionMask</key>
			<string>2147483647</string>
			<key>files</key>
			<array/>
			<key>inputPaths</key>
			<array/>
			<key>isa</key>
			<string>PBXShellScriptBuildPhase</string>
			<key>name</key>
			<string>Check Pods Manifest.lock</string>
			<key>outputPaths</key>
			<array/>
			<key>runOnlyForDeploymentPostprocessing</key>
			<string>0</string>
			<key>shellPath</key>
			<string>/bin/sh</string>
			<key>shellScript</key>
			<string>diff "${PODS_ROOT}/../Podfile.lock" "${PODS_ROOT}/Manifest.lock" &gt; /dev/null
if [[ $? != 0 ]] ; then
    cat &lt;&lt; EOM
error: The sandbox is not in sync with the Podfile.lock. Run 'pod install' or update your CocoaPods installation.
EOM
    exit 1
fi
</string>
			<key>showEnvVarsInLog</key>
			<string>0</string>
		</dict>
		<key>93556A6C1158C2C3EE90E7C4</key>
		<dict>
			<key>buildActionMask</key>
			<string>2147483647</string>
			<key>files</key>
			<array/>
			<key>inputPaths</key>
			<array/>
			<key>isa</key>
			<string>PBXShellScriptBuildPhase</string>
			<key>name</key>
			<string>Copy Pods Resources</string>
			<key>outputPaths</key>
			<array/>
			<key>runOnlyForDeploymentPostprocessing</key>
			<string>0</string>
			<key>shellPath</key>
			<string>/bin/sh</string>
			<key>shellScript</key>
			<string>"${SRCROOT}/Pods/Target Support Files/Pods/Pods-resources.sh"
</string>
			<key>showEnvVarsInLog</key>
			<string>0</string>
		</dict>
		<key>A097AB9AF2BCDE184A1B3403</key>
		<dict>
			<key>explicitFileType</key>
			<string>archive.ar</string>
			<key>includeInIndex</key>
			<string>0</string>
			<key>isa</key>
			<string>PBXFileReference</string>
			<key>path</key>
			<string>libPods.a</string>
			<key>sourceTree</key>
			<string>BUILT_PRODUCTS_DIR</string>
		</dict>
		<key>A09E6402E472D795152812DA</key>
		<dict>
			<key>children</key>
			<array>
				<string>E4B5A463BACB17A30E51C960</string>
				<string>3BACCF5EB73C26285A45E1B5</string>
			</array>
			<key>isa</key>
			<string>PBXGroup</string>
			<key>name</key>
			<string>Pods</string>
			<key>sourceTree</key>
			<string>&lt;group&gt;</string>
		</dict>
		<key>CE55D6581AFCDE6E00106660</key>
		<dict>
			<key>children</key>
			<array>
				<string>CE55D6591AFCDEB100106660</string>
				<string>CE55D65A1AFCDEB100106660</string>
				<string>CE55D65B1AFCDEB100106660</string>
				<string>CE55D65C1AFCDEB100106660</string>
				<string>CE55D65D1AFCDEB100106660</string>
				<string>CE55D65E1AFCDEB100106660</string>
			</array>
			<key>isa</key>
			<string>PBXGroup</string>
			<key>name</key>
			<string>Images</string>
			<key>sourceTree</key>
			<string>&lt;group&gt;</string>
		</dict>
		<key>CE55D6591AFCDEB100106660</key>
		<dict>
			<key>isa</key>
			<string>PBXFileReference</string>
			<key>lastKnownFileType</key>
			<string>image.jpeg</string>
			<key>path</key>
			<string>2.jpg</string>
			<key>sourceTree</key>
			<string>&lt;group&gt;</string>
		</dict>
		<key>CE55D65A1AFCDEB100106660</key>
		<dict>
			<key>isa</key>
			<string>PBXFileReference</string>
			<key>lastKnownFileType</key>
			<string>image.jpeg</string>
			<key>path</key>
			<string>4.jpg</string>
			<key>sourceTree</key>
			<string>&lt;group&gt;</string>
		</dict>
		<key>CE55D65B1AFCDEB100106660</key>
		<dict>
			<key>isa</key>
			<string>PBXFileReference</string>
			<key>lastKnownFileType</key>
			<string>image.jpeg</string>
			<key>path</key>
			<string>1.jpg</string>
			<key>sourceTree</key>
			<string>&lt;group&gt;</string>
		</dict>
		<key>CE55D65C1AFCDEB100106660</key>
		<dict>
			<key>isa</key>
			<string>PBXFileReference</string>
			<key>lastKnownFileType</key>
			<string>image.jpeg</string>
			<key>path</key>
			<string>5.jpg</string>
			<key>sourceTree</key>
			<string>&lt;group&gt;</string>
		</dict>
		<key>CE55D65D1AFCDEB100106660</key>
		<dict>
			<key>isa</key>
			<string>PBXFileReference</string>
			<key>lastKnownFileType</key>
			<string>image.jpeg</string>
			<key>path</key>
			<string>3.jpg</string>
			<key>sourceTree</key>
			<string>&lt;group&gt;</string>
		</dict>
		<key>CE55D65E1AFCDEB100106660</key>
		<dict>
			<key>isa</key>
			<string>PBXFileReference</string>
			<key>lastKnownFileType</key>
			<string>image.jpeg</string>
			<key>path</key>
			<string>6.jpg</string>
			<key>sourceTree</key>
			<string>&lt;group&gt;</string>
		</dict>
		<key>CE55D65F1AFCDEB100106660</key>
		<dict>
			<key>fileRef</key>
			<string>CE55D6591AFCDEB100106660</string>
			<key>isa</key>
			<string>PBXBuildFile</string>
		</dict>
		<key>CE55D6601AFCDEB100106660</key>
		<dict>
			<key>fileRef</key>
			<string>CE55D65A1AFCDEB100106660</string>
			<key>isa</key>
			<string>PBXBuildFile</string>
		</dict>
		<key>CE55D6611AFCDEB100106660</key>
		<dict>
			<key>fileRef</key>
			<string>CE55D65B1AFCDEB100106660</string>
			<key>isa</key>
			<string>PBXBuildFile</string>
		</dict>
		<key>CE55D6621AFCDEB100106660</key>
		<dict>
			<key>fileRef</key>
			<string>CE55D65C1AFCDEB100106660</string>
			<key>isa</key>
			<string>PBXBuildFile</string>
		</dict>
		<key>CE55D6631AFCDEB100106660</key>
		<dict>
			<key>fileRef</key>
			<string>CE55D65D1AFCDEB100106660</string>
			<key>isa</key>
			<string>PBXBuildFile</string>
		</dict>
		<key>CE55D6641AFCDEB100106660</key>
		<dict>
			<key>fileRef</key>
			<string>CE55D65E1AFCDEB100106660</string>
			<key>isa</key>
			<string>PBXBuildFile</string>
		</dict>
		<key>CE7184581A5E11FA009B10F3</key>
		<dict>
			<key>children</key>
			<array>
				<string>CE71848D1A603B49009B10F3</string>
				<string>CE7184631A5E11FA009B10F3</string>
				<string>CE7184801A5E11FA009B10F3</string>
				<string>CE7184621A5E11FA009B10F3</string>
				<string>A09E6402E472D795152812DA</string>
			</array>
			<key>isa</key>
			<string>PBXGroup</string>
			<key>sourceTree</key>
			<string>&lt;group&gt;</string>
		</dict>
		<key>CE7184591A5E11FA009B10F3</key>
		<dict>
			<key>attributes</key>
			<dict>
				<key>LastUpgradeCheck</key>
				<string>0710</string>
				<key>ORGANIZATIONNAME</key>
				<string>Orestis Lykouropoulos</string>
				<key>TargetAttributes</key>
				<dict>
					<key>CE7184601A5E11FA009B10F3</key>
					<dict>
						<key>CreatedOnToolsVersion</key>
						<string>6.1.1</string>
						<key>DevelopmentTeam</key>
						<string>Q88XV6A8TY</string>
					</dict>
					<key>CE71847C1A5E11FA009B10F3</key>
					<dict>
						<key>CreatedOnToolsVersion</key>
						<string>6.1.1</string>
						<key>TestTargetID</key>
						<string>CE7184601A5E11FA009B10F3</string>
					</dict>
				</dict>
			</dict>
			<key>buildConfigurationList</key>
			<string>CE71845C1A5E11FA009B10F3</string>
			<key>compatibilityVersion</key>
			<string>Xcode 3.2</string>
			<key>developmentRegion</key>
			<string>English</string>
			<key>hasScannedForEncodings</key>
			<string>0</string>
			<key>isa</key>
			<string>PBXProject</string>
			<key>knownRegions</key>
			<array>
				<string>en</string>
				<string>Base</string>
			</array>
			<key>mainGroup</key>
			<string>CE7184581A5E11FA009B10F3</string>
			<key>productRefGroup</key>
			<string>CE7184621A5E11FA009B10F3</string>
			<key>projectDirPath</key>
			<string></string>
			<key>projectReferences</key>
			<array/>
			<key>projectRoot</key>
			<string></string>
			<key>targets</key>
			<array>
				<string>CE7184601A5E11FA009B10F3</string>
				<string>CE71847C1A5E11FA009B10F3</string>
			</array>
		</dict>
		<key>CE71845C1A5E11FA009B10F3</key>
		<dict>
			<key>buildConfigurations</key>
			<array>
				<string>CE7184851A5E11FA009B10F3</string>
				<string>CE7184861A5E11FA009B10F3</string>
			</array>
			<key>defaultConfigurationIsVisible</key>
			<string>0</string>
			<key>defaultConfigurationName</key>
			<string>Release</string>
			<key>isa</key>
			<string>XCConfigurationList</string>
		</dict>
		<key>CE71845D1A5E11FA009B10F3</key>
		<dict>
			<key>buildActionMask</key>
			<string>2147483647</string>
			<key>files</key>
			<array>
				<string>CE7184701A5E11FA009B10F3</string>
				<string>CEDEB20E1ACC91AA00EC4A63</string>
				<string>CED3F5F21AF976950054C7F2</string>
				<string>CE71846A1A5E11FA009B10F3</string>
				<string>CEA123E81CDD2F6100DBE3B0</string>
				<string>CE71846D1A5E11FA009B10F3</string>
				<string>CEC09BBF1A74320B007ED528</string>
				<string>CE7184671A5E11FA009B10F3</string>
			</array>
			<key>isa</key>
			<string>PBXSourcesBuildPhase</string>
			<key>runOnlyForDeploymentPostprocessing</key>
			<string>0</string>
		</dict>
		<key>CE71845E1A5E11FA009B10F3</key>
		<dict>
			<key>buildActionMask</key>
			<string>2147483647</string>
			<key>files</key>
			<array>
				<string>CEA9CA281A65F064004A295E</string>
				<string>CE71848F1A603B57009B10F3</string>
				<string>E8BC579E3062D471A97FC0C5</string>
			</array>
			<key>isa</key>
			<string>PBXFrameworksBuildPhase</string>
			<key>runOnlyForDeploymentPostprocessing</key>
			<string>0</string>
		</dict>
		<key>CE71845F1A5E11FA009B10F3</key>
		<dict>
			<key>buildActionMask</key>
			<string>2147483647</string>
			<key>files</key>
			<array>
				<string>CE55D6641AFCDEB100106660</string>
				<string>CE7184731A5E11FA009B10F3</string>
				<string>CE7184781A5E11FA009B10F3</string>
				<string>CE55D65F1AFCDEB100106660</string>
				<string>CE55D6611AFCDEB100106660</string>
				<string>CE55D6621AFCDEB100106660</string>
				<string>CE55D6601AFCDEB100106660</string>
				<string>CE7184751A5E11FA009B10F3</string>
				<string>CE55D6631AFCDEB100106660</string>
			</array>
			<key>isa</key>
			<string>PBXResourcesBuildPhase</string>
			<key>runOnlyForDeploymentPostprocessing</key>
			<string>0</string>
		</dict>
		<key>CE7184601A5E11FA009B10F3</key>
		<dict>
			<key>buildConfigurationList</key>
			<string>CE7184871A5E11FA009B10F3</string>
			<key>buildPhases</key>
			<array>
				<string>6C5DF157891969503351162C</string>
				<string>CE71845D1A5E11FA009B10F3</string>
				<string>CE71845E1A5E11FA009B10F3</string>
				<string>CE71845F1A5E11FA009B10F3</string>
				<string>93556A6C1158C2C3EE90E7C4</string>
			</array>
			<key>buildRules</key>
			<array/>
			<key>dependencies</key>
			<array/>
			<key>isa</key>
			<string>PBXNativeTarget</string>
			<key>name</key>
			<string>FQFliqBasic</string>
			<key>productName</key>
			<string>FQFliqBasic</string>
			<key>productReference</key>
			<string>CE7184611A5E11FA009B10F3</string>
			<key>productType</key>
			<string>com.apple.product-type.application</string>
		</dict>
		<key>CE7184611A5E11FA009B10F3</key>
		<dict>
			<key>explicitFileType</key>
			<string>wrapper.application</string>
			<key>includeInIndex</key>
			<string>0</string>
			<key>isa</key>
			<string>PBXFileReference</string>
			<key>path</key>
			<string>FQFliqBasic.app</string>
			<key>sourceTree</key>
			<string>BUILT_PRODUCTS_DIR</string>
		</dict>
		<key>CE7184621A5E11FA009B10F3</key>
		<dict>
			<key>children</key>
			<array>
				<string>CE7184611A5E11FA009B10F3</string>
				<string>CE71847D1A5E11FA009B10F3</string>
			</array>
			<key>isa</key>
			<string>PBXGroup</string>
			<key>name</key>
			<string>Products</string>
			<key>sourceTree</key>
			<string>&lt;group&gt;</string>
		</dict>
		<key>CE7184631A5E11FA009B10F3</key>
		<dict>
			<key>children</key>
			<array>
				<string>CE7184681A5E11FA009B10F3</string>
				<string>CE7184691A5E11FA009B10F3</string>
				<string>CE7184711A5E11FA009B10F3</string>
				<string>CEDEB20C1ACC91AA00EC4A63</string>
				<string>CEDEB20D1ACC91AA00EC4A63</string>
				<string>CEA123E61CDD2F6100DBE3B0</string>
				<string>CEA123E71CDD2F6100DBE3B0</string>
				<string>CE71846B1A5E11FA009B10F3</string>
				<string>CE71846C1A5E11FA009B10F3</string>
				<string>CE71846E1A5E11FA009B10F3</string>
				<string>CE71846F1A5E11FA009B10F3</string>
				<string>CEC09BBD1A74320B007ED528</string>
				<string>CEC09BBE1A74320B007ED528</string>
				<string>CE7184901A603BC7009B10F3</string>
				<string>CE7184741A5E11FA009B10F3</string>
				<string>CE7184761A5E11FA009B10F3</string>
				<string>CE55D6581AFCDE6E00106660</string>
				<string>CED3F5EF1AF976640054C7F2</string>
				<string>CE7184641A5E11FA009B10F3</string>
			</array>
			<key>isa</key>
			<string>PBXGroup</string>
			<key>path</key>
			<string>FQFliqBasic</string>
			<key>sourceTree</key>
			<string>&lt;group&gt;</string>
		</dict>
		<key>CE7184641A5E11FA009B10F3</key>
		<dict>
			<key>children</key>
			<array>
				<string>CE7184651A5E11FA009B10F3</string>
				<string>CE7184661A5E11FA009B10F3</string>
			</array>
			<key>isa</key>
			<string>PBXGroup</string>
			<key>name</key>
			<string>Supporting Files</string>
			<key>sourceTree</key>
			<string>&lt;group&gt;</string>
		</dict>
		<key>CE7184651A5E11FA009B10F3</key>
		<dict>
			<key>isa</key>
			<string>PBXFileReference</string>
			<key>lastKnownFileType</key>
			<string>text.plist.xml</string>
			<key>path</key>
			<string>Info.plist</string>
			<key>sourceTree</key>
			<string>&lt;group&gt;</string>
		</dict>
		<key>CE7184661A5E11FA009B10F3</key>
		<dict>
			<key>isa</key>
			<string>PBXFileReference</string>
			<key>lastKnownFileType</key>
			<string>sourcecode.c.objc</string>
			<key>path</key>
			<string>main.m</string>
			<key>sourceTree</key>
			<string>&lt;group&gt;</string>
		</dict>
		<key>CE7184671A5E11FA009B10F3</key>
		<dict>
			<key>fileRef</key>
			<string>CE7184661A5E11FA009B10F3</string>
			<key>isa</key>
			<string>PBXBuildFile</string>
		</dict>
		<key>CE7184681A5E11FA009B10F3</key>
		<dict>
			<key>isa</key>
			<string>PBXFileReference</string>
			<key>lastKnownFileType</key>
			<string>sourcecode.c.h</string>
			<key>path</key>
			<string>AppDelegate.h</string>
			<key>sourceTree</key>
			<string>&lt;group&gt;</string>
		</dict>
		<key>CE7184691A5E11FA009B10F3</key>
		<dict>
			<key>isa</key>
			<string>PBXFileReference</string>
			<key>lastKnownFileType</key>
			<string>sourcecode.c.objc</string>
			<key>path</key>
			<string>AppDelegate.m</string>
			<key>sourceTree</key>
			<string>&lt;group&gt;</string>
		</dict>
		<key>CE71846A1A5E11FA009B10F3</key>
		<dict>
			<key>fileRef</key>
			<string>CE7184691A5E11FA009B10F3</string>
			<key>isa</key>
			<string>PBXBuildFile</string>
		</dict>
		<key>CE71846B1A5E11FA009B10F3</key>
		<dict>
			<key>isa</key>
			<string>PBXFileReference</string>
			<key>lastKnownFileType</key>
			<string>sourcecode.c.h</string>
			<key>path</key>
			<string>CentralViewController.h</string>
			<key>sourceTree</key>
			<string>&lt;group&gt;</string>
		</dict>
		<key>CE71846C1A5E11FA009B10F3</key>
		<dict>
			<key>isa</key>
			<string>PBXFileReference</string>
			<key>lastKnownFileType</key>
			<string>sourcecode.c.objc</string>
			<key>path</key>
			<string>CentralViewController.m</string>
			<key>sourceTree</key>
			<string>&lt;group&gt;</string>
		</dict>
		<key>CE71846D1A5E11FA009B10F3</key>
		<dict>
			<key>fileRef</key>
			<string>CE71846C1A5E11FA009B10F3</string>
			<key>isa</key>
			<string>PBXBuildFile</string>
		</dict>
		<key>CE71846E1A5E11FA009B10F3</key>
		<dict>
			<key>isa</key>
			<string>PBXFileReference</string>
			<key>lastKnownFileType</key>
			<string>sourcecode.c.h</string>
			<key>path</key>
			<string>PeripheralViewController.h</string>
			<key>sourceTree</key>
			<string>&lt;group&gt;</string>
		</dict>
		<key>CE71846F1A5E11FA009B10F3</key>
		<dict>
			<key>isa</key>
			<string>PBXFileReference</string>
			<key>lastKnownFileType</key>
			<string>sourcecode.c.objc</string>
			<key>path</key>
			<string>PeripheralViewController.m</string>
			<key>sourceTree</key>
			<string>&lt;group&gt;</string>
		</dict>
		<key>CE7184701A5E11FA009B10F3</key>
		<dict>
			<key>fileRef</key>
			<string>CE71846F1A5E11FA009B10F3</string>
			<key>isa</key>
			<string>PBXBuildFile</string>
		</dict>
		<key>CE7184711A5E11FA009B10F3</key>
		<dict>
			<key>children</key>
			<array>
				<string>CE7184721A5E11FA009B10F3</string>
			</array>
			<key>isa</key>
			<string>PBXVariantGroup</string>
			<key>name</key>
			<string>Main.storyboard</string>
			<key>sourceTree</key>
			<string>&lt;group&gt;</string>
		</dict>
		<key>CE7184721A5E11FA009B10F3</key>
		<dict>
			<key>isa</key>
			<string>PBXFileReference</string>
			<key>lastKnownFileType</key>
			<string>file.storyboard</string>
			<key>name</key>
			<string>Base</string>
			<key>path</key>
			<string>Base.lproj/Main.storyboard</string>
			<key>sourceTree</key>
			<string>&lt;group&gt;</string>
		</dict>
		<key>CE7184731A5E11FA009B10F3</key>
		<dict>
			<key>fileRef</key>
			<string>CE7184711A5E11FA009B10F3</string>
			<key>isa</key>
			<string>PBXBuildFile</string>
		</dict>
		<key>CE7184741A5E11FA009B10F3</key>
		<dict>
			<key>isa</key>
			<string>PBXFileReference</string>
			<key>lastKnownFileType</key>
			<string>folder.assetcatalog</string>
			<key>path</key>
			<string>Images.xcassets</string>
			<key>sourceTree</key>
			<string>&lt;group&gt;</string>
		</dict>
		<key>CE7184751A5E11FA009B10F3</key>
		<dict>
			<key>fileRef</key>
			<string>CE7184741A5E11FA009B10F3</string>
			<key>isa</key>
			<string>PBXBuildFile</string>
		</dict>
		<key>CE7184761A5E11FA009B10F3</key>
		<dict>
			<key>children</key>
			<array>
				<string>CE7184771A5E11FA009B10F3</string>
			</array>
			<key>isa</key>
			<string>PBXVariantGroup</string>
			<key>name</key>
			<string>LaunchScreen.xib</string>
			<key>sourceTree</key>
			<string>&lt;group&gt;</string>
		</dict>
		<key>CE7184771A5E11FA009B10F3</key>
		<dict>
			<key>isa</key>
			<string>PBXFileReference</string>
			<key>lastKnownFileType</key>
			<string>file.xib</string>
			<key>name</key>
			<string>Base</string>
			<key>path</key>
			<string>Base.lproj/LaunchScreen.xib</string>
			<key>sourceTree</key>
			<string>&lt;group&gt;</string>
		</dict>
		<key>CE7184781A5E11FA009B10F3</key>
		<dict>
			<key>fileRef</key>
			<string>CE7184761A5E11FA009B10F3</string>
			<key>isa</key>
			<string>PBXBuildFile</string>
		</dict>
		<key>CE7184791A5E11FA009B10F3</key>
		<dict>
			<key>buildActionMask</key>
			<string>2147483647</string>
			<key>files</key>
			<array>
				<string>CE7184841A5E11FA009B10F3</string>
			</array>
			<key>isa</key>
			<string>PBXSourcesBuildPhase</string>
			<key>runOnlyForDeploymentPostprocessing</key>
			<string>0</string>
		</dict>
		<key>CE71847A1A5E11FA009B10F3</key>
		<dict>
			<key>buildActionMask</key>
			<string>2147483647</string>
			<key>files</key>
			<array/>
			<key>isa</key>
			<string>PBXFrameworksBuildPhase</string>
			<key>runOnlyForDeploymentPostprocessing</key>
			<string>0</string>
		</dict>
		<key>CE71847B1A5E11FA009B10F3</key>
		<dict>
			<key>buildActionMask</key>
			<string>2147483647</string>
			<key>files</key>
			<array/>
			<key>isa</key>
			<string>PBXResourcesBuildPhase</string>
			<key>runOnlyForDeploymentPostprocessing</key>
			<string>0</string>
		</dict>
		<key>CE71847C1A5E11FA009B10F3</key>
		<dict>
			<key>buildConfigurationList</key>
			<string>CE71848A1A5E11FA009B10F3</string>
			<key>buildPhases</key>
			<array>
				<string>CE7184791A5E11FA009B10F3</string>
				<string>CE71847A1A5E11FA009B10F3</string>
				<string>CE71847B1A5E11FA009B10F3</string>
			</array>
			<key>buildRules</key>
			<array/>
			<key>dependencies</key>
			<array>
				<string>CE71847F1A5E11FA009B10F3</string>
			</array>
			<key>isa</key>
			<string>PBXNativeTarget</string>
			<key>name</key>
			<string>FQFliqBasicTests</string>
			<key>productName</key>
			<string>FQFliqBasicTests</string>
			<key>productReference</key>
			<string>CE71847D1A5E11FA009B10F3</string>
			<key>productType</key>
			<string>com.apple.product-type.bundle.unit-test</string>
		</dict>
		<key>CE71847D1A5E11FA009B10F3</key>
		<dict>
			<key>explicitFileType</key>
			<string>wrapper.cfbundle</string>
			<key>includeInIndex</key>
			<string>0</string>
			<key>isa</key>
			<string>PBXFileReference</string>
			<key>path</key>
			<string>FQFliqBasicTests.xctest</string>
			<key>sourceTree</key>
			<string>BUILT_PRODUCTS_DIR</string>
		</dict>
		<key>CE71847E1A5E11FA009B10F3</key>
		<dict>
			<key>containerPortal</key>
			<string>CE7184591A5E11FA009B10F3</string>
			<key>isa</key>
			<string>PBXContainerItemProxy</string>
			<key>proxyType</key>
			<string>1</string>
			<key>remoteGlobalIDString</key>
			<string>CE7184601A5E11FA009B10F3</string>
			<key>remoteInfo</key>
			<string>FQFliqBasic</string>
		</dict>
		<key>CE71847F1A5E11FA009B10F3</key>
		<dict>
			<key>isa</key>
			<string>PBXTargetDependency</string>
			<key>target</key>
			<string>CE7184601A5E11FA009B10F3</string>
			<key>targetProxy</key>
			<string>CE71847E1A5E11FA009B10F3</string>
		</dict>
		<key>CE7184801A5E11FA009B10F3</key>
		<dict>
			<key>children</key>
			<array>
				<string>CE7184831A5E11FA009B10F3</string>
				<string>CE7184811A5E11FA009B10F3</string>
			</array>
			<key>isa</key>
			<string>PBXGroup</string>
			<key>path</key>
			<string>FQFliqBasicTests</string>
			<key>sourceTree</key>
			<string>&lt;group&gt;</string>
		</dict>
		<key>CE7184811A5E11FA009B10F3</key>
		<dict>
			<key>children</key>
			<array>
				<string>CE7184821A5E11FA009B10F3</string>
			</array>
			<key>isa</key>
			<string>PBXGroup</string>
			<key>name</key>
			<string>Supporting Files</string>
			<key>sourceTree</key>
			<string>&lt;group&gt;</string>
		</dict>
		<key>CE7184821A5E11FA009B10F3</key>
		<dict>
			<key>isa</key>
			<string>PBXFileReference</string>
			<key>lastKnownFileType</key>
			<string>text.plist.xml</string>
			<key>path</key>
			<string>Info.plist</string>
			<key>sourceTree</key>
			<string>&lt;group&gt;</string>
		</dict>
		<key>CE7184831A5E11FA009B10F3</key>
		<dict>
			<key>isa</key>
			<string>PBXFileReference</string>
			<key>lastKnownFileType</key>
			<string>sourcecode.c.objc</string>
			<key>path</key>
			<string>FQFliqBasicTests.m</string>
			<key>sourceTree</key>
			<string>&lt;group&gt;</string>
		</dict>
		<key>CE7184841A5E11FA009B10F3</key>
		<dict>
			<key>fileRef</key>
			<string>CE7184831A5E11FA009B10F3</string>
			<key>isa</key>
			<string>PBXBuildFile</string>
		</dict>
		<key>CE7184851A5E11FA009B10F3</key>
		<dict>
			<key>buildSettings</key>
			<dict>
				<key>ALWAYS_SEARCH_USER_PATHS</key>
				<string>NO</string>
				<key>CLANG_CXX_LANGUAGE_STANDARD</key>
				<string>gnu++0x</string>
				<key>CLANG_CXX_LIBRARY</key>
				<string>libc++</string>
				<key>CLANG_ENABLE_MODULES</key>
				<string>YES</string>
				<key>CLANG_ENABLE_OBJC_ARC</key>
				<string>YES</string>
				<key>CLANG_WARN_BOOL_CONVERSION</key>
				<string>YES</string>
				<key>CLANG_WARN_CONSTANT_CONVERSION</key>
				<string>YES</string>
				<key>CLANG_WARN_DIRECT_OBJC_ISA_USAGE</key>
				<string>YES_ERROR</string>
				<key>CLANG_WARN_EMPTY_BODY</key>
				<string>YES</string>
				<key>CLANG_WARN_ENUM_CONVERSION</key>
				<string>YES</string>
				<key>CLANG_WARN_INT_CONVERSION</key>
				<string>YES</string>
				<key>CLANG_WARN_OBJC_ROOT_CLASS</key>
				<string>YES_ERROR</string>
				<key>CLANG_WARN_UNREACHABLE_CODE</key>
				<string>YES</string>
				<key>CLANG_WARN__DUPLICATE_METHOD_MATCH</key>
				<string>YES</string>
				<key>CODE_SIGN_IDENTITY[sdk=iphoneos*]</key>
				<string>iPhone Developer</string>
				<key>COPY_PHASE_STRIP</key>
				<string>NO</string>
				<key>ENABLE_STRICT_OBJC_MSGSEND</key>
				<string>YES</string>
				<key>ENABLE_TESTABILITY</key>
				<string>YES</string>
				<key>GCC_C_LANGUAGE_STANDARD</key>
				<string>gnu99</string>
				<key>GCC_DYNAMIC_NO_PIC</key>
				<string>NO</string>
				<key>GCC_OPTIMIZATION_LEVEL</key>
				<string>0</string>
				<key>GCC_PREPROCESSOR_DEFINITIONS</key>
				<array>
					<string>DEBUG=1</string>
					<string>$(inherited)</string>
				</array>
				<key>GCC_SYMBOLS_PRIVATE_EXTERN</key>
				<string>NO</string>
				<key>GCC_WARN_64_TO_32_BIT_CONVERSION</key>
				<string>YES</string>
				<key>GCC_WARN_ABOUT_RETURN_TYPE</key>
				<string>YES_ERROR</string>
				<key>GCC_WARN_UNDECLARED_SELECTOR</key>
				<string>YES</string>
				<key>GCC_WARN_UNINITIALIZED_AUTOS</key>
				<string>YES_AGGRESSIVE</string>
				<key>GCC_WARN_UNUSED_FUNCTION</key>
				<string>YES</string>
				<key>GCC_WARN_UNUSED_VARIABLE</key>
				<string>YES</string>
				<key>IPHONEOS_DEPLOYMENT_TARGET</key>
				<string>8.1</string>
				<key>MTL_ENABLE_DEBUG_INFO</key>
				<string>YES</string>
				<key>ONLY_ACTIVE_ARCH</key>
				<string>YES</string>
				<key>SDKROOT</key>
				<string>iphoneos</string>
			</dict>
			<key>isa</key>
			<string>XCBuildConfiguration</string>
			<key>name</key>
			<string>Debug</string>
		</dict>
		<key>CE7184861A5E11FA009B10F3</key>
		<dict>
			<key>buildSettings</key>
			<dict>
				<key>ALWAYS_SEARCH_USER_PATHS</key>
				<string>NO</string>
				<key>CLANG_CXX_LANGUAGE_STANDARD</key>
				<string>gnu++0x</string>
				<key>CLANG_CXX_LIBRARY</key>
				<string>libc++</string>
				<key>CLANG_ENABLE_MODULES</key>
				<string>YES</string>
				<key>CLANG_ENABLE_OBJC_ARC</key>
				<string>YES</string>
				<key>CLANG_WARN_BOOL_CONVERSION</key>
				<string>YES</string>
				<key>CLANG_WARN_CONSTANT_CONVERSION</key>
				<string>YES</string>
				<key>CLANG_WARN_DIRECT_OBJC_ISA_USAGE</key>
				<string>YES_ERROR</string>
				<key>CLANG_WARN_EMPTY_BODY</key>
				<string>YES</string>
				<key>CLANG_WARN_ENUM_CONVERSION</key>
				<string>YES</string>
				<key>CLANG_WARN_INT_CONVERSION</key>
				<string>YES</string>
				<key>CLANG_WARN_OBJC_ROOT_CLASS</key>
				<string>YES_ERROR</string>
				<key>CLANG_WARN_UNREACHABLE_CODE</key>
				<string>YES</string>
				<key>CLANG_WARN__DUPLICATE_METHOD_MATCH</key>
				<string>YES</string>
				<key>CODE_SIGN_IDENTITY[sdk=iphoneos*]</key>
				<string>iPhone Developer</string>
				<key>COPY_PHASE_STRIP</key>
				<string>YES</string>
				<key>ENABLE_NS_ASSERTIONS</key>
				<string>NO</string>
				<key>ENABLE_STRICT_OBJC_MSGSEND</key>
				<string>YES</string>
				<key>GCC_C_LANGUAGE_STANDARD</key>
				<string>gnu99</string>
				<key>GCC_WARN_64_TO_32_BIT_CONVERSION</key>
				<string>YES</string>
				<key>GCC_WARN_ABOUT_RETURN_TYPE</key>
				<string>YES_ERROR</string>
				<key>GCC_WARN_UNDECLARED_SELECTOR</key>
				<string>YES</string>
				<key>GCC_WARN_UNINITIALIZED_AUTOS</key>
				<string>YES_AGGRESSIVE</string>
				<key>GCC_WARN_UNUSED_FUNCTION</key>
				<string>YES</string>
				<key>GCC_WARN_UNUSED_VARIABLE</key>
				<string>YES</string>
				<key>IPHONEOS_DEPLOYMENT_TARGET</key>
				<string>8.1</string>
				<key>MTL_ENABLE_DEBUG_INFO</key>
				<string>NO</string>
				<key>SDKROOT</key>
				<string>iphoneos</string>
				<key>VALIDATE_PRODUCT</key>
				<string>YES</string>
			</dict>
			<key>isa</key>
			<string>XCBuildConfiguration</string>
			<key>name</key>
			<string>Release</string>
		</dict>
		<key>CE7184871A5E11FA009B10F3</key>
		<dict>
			<key>buildConfigurations</key>
			<array>
				<string>CE7184881A5E11FA009B10F3</string>
				<string>CE7184891A5E11FA009B10F3</string>
			</array>
			<key>defaultConfigurationIsVisible</key>
			<string>0</string>
			<key>defaultConfigurationName</key>
			<string>Release</string>
			<key>isa</key>
			<string>XCConfigurationList</string>
		</dict>
		<key>CE7184881A5E11FA009B10F3</key>
		<dict>
			<key>baseConfigurationReference</key>
			<string>E4B5A463BACB17A30E51C960</string>
			<key>buildSettings</key>
			<dict>
				<key>ASSETCATALOG_COMPILER_APPICON_NAME</key>
				<string>AppIcon</string>
				<key>CODE_SIGN_IDENTITY</key>
				<string>iPhone Developer</string>
				<key>CODE_SIGN_IDENTITY[sdk=iphoneos*]</key>
				<string>iPhone Developer</string>
				<key>FRAMEWORK_SEARCH_PATHS</key>
				<array>
					<string>$(inherited)</string>
					<string>/Users/olykos/Documents/FacebookSDK</string>
				</array>
				<key>INFOPLIST_FILE</key>
				<string>FQFliqBasic/Info.plist</string>
				<key>IPHONEOS_DEPLOYMENT_TARGET</key>
				<string>8.1</string>
				<key>LD_RUNPATH_SEARCH_PATHS</key>
				<string>$(inherited) @executable_path/Frameworks</string>
				<key>PRODUCT_BUNDLE_IDENTIFIER</key>
				<string>self.edu.orestis.$(PRODUCT_NAME:rfc1034identifier)</string>
				<key>PRODUCT_NAME</key>
				<string>$(TARGET_NAME)</string>
				<key>PROVISIONING_PROFILE</key>
				<string></string>
			</dict>
			<key>isa</key>
			<string>XCBuildConfiguration</string>
			<key>name</key>
			<string>Debug</string>
		</dict>
		<key>CE7184891A5E11FA009B10F3</key>
		<dict>
			<key>baseConfigurationReference</key>
			<string>3BACCF5EB73C26285A45E1B5</string>
			<key>buildSettings</key>
			<dict>
				<key>ASSETCATALOG_COMPILER_APPICON_NAME</key>
				<string>AppIcon</string>
				<key>CODE_SIGN_IDENTITY</key>
				<string>iPhone Developer</string>
				<key>CODE_SIGN_IDENTITY[sdk=iphoneos*]</key>
				<string>iPhone Developer</string>
				<key>FRAMEWORK_SEARCH_PATHS</key>
				<array>
					<string>$(inherited)</string>
					<string>/Users/olykos/Documents/FacebookSDK</string>
				</array>
				<key>INFOPLIST_FILE</key>
				<string>FQFliqBasic/Info.plist</string>
				<key>IPHONEOS_DEPLOYMENT_TARGET</key>
				<string>8.1</string>
				<key>LD_RUNPATH_SEARCH_PATHS</key>
				<string>$(inherited) @executable_path/Frameworks</string>
				<key>PRODUCT_BUNDLE_IDENTIFIER</key>
				<string>self.edu.orestis.$(PRODUCT_NAME:rfc1034identifier)</string>
				<key>PRODUCT_NAME</key>
				<string>$(TARGET_NAME)</string>
				<key>PROVISIONING_PROFILE</key>
				<string></string>
			</dict>
			<key>isa</key>
			<string>XCBuildConfiguration</string>
			<key>name</key>
			<string>Release</string>
		</dict>
		<key>CE71848A1A5E11FA009B10F3</key>
		<dict>
			<key>buildConfigurations</key>
			<array>
				<string>CE71848B1A5E11FA009B10F3</string>
				<string>CE71848C1A5E11FA009B10F3</string>
			</array>
			<key>defaultConfigurationIsVisible</key>
			<string>0</string>
			<key>defaultConfigurationName</key>
			<string>Release</string>
			<key>isa</key>
			<string>XCConfigurationList</string>
		</dict>
		<key>CE71848B1A5E11FA009B10F3</key>
		<dict>
			<key>buildSettings</key>
			<dict>
				<key>BUNDLE_LOADER</key>
				<string>$(TEST_HOST)</string>
				<key>FRAMEWORK_SEARCH_PATHS</key>
				<array>
					<string>$(SDKROOT)/Developer/Library/Frameworks</string>
					<string>$(inherited)</string>
				</array>
				<key>GCC_PREPROCESSOR_DEFINITIONS</key>
				<array>
					<string>DEBUG=1</string>
					<string>$(inherited)</string>
				</array>
				<key>INFOPLIST_FILE</key>
				<string>FQFliqBasicTests/Info.plist</string>
				<key>LD_RUNPATH_SEARCH_PATHS</key>
				<string>$(inherited) @executable_path/Frameworks @loader_path/Frameworks</string>
				<key>PRODUCT_BUNDLE_IDENTIFIER</key>
				<string>self.edu.orestis.$(PRODUCT_NAME:rfc1034identifier)</string>
				<key>PRODUCT_NAME</key>
				<string>$(TARGET_NAME)</string>
				<key>TEST_HOST</key>
				<string>$(BUILT_PRODUCTS_DIR)/FQFliqBasic.app/FQFliqBasic</string>
			</dict>
			<key>isa</key>
			<string>XCBuildConfiguration</string>
			<key>name</key>
			<string>Debug</string>
		</dict>
		<key>CE71848C1A5E11FA009B10F3</key>
		<dict>
			<key>buildSettings</key>
			<dict>
				<key>BUNDLE_LOADER</key>
				<string>$(TEST_HOST)</string>
				<key>FRAMEWORK_SEARCH_PATHS</key>
				<array>
					<string>$(SDKROOT)/Developer/Library/Frameworks</string>
					<string>$(inherited)</string>
				</array>
				<key>INFOPLIST_FILE</key>
				<string>FQFliqBasicTests/Info.plist</string>
				<key>LD_RUNPATH_SEARCH_PATHS</key>
				<string>$(inherited) @executable_path/Frameworks @loader_path/Frameworks</string>
				<key>PRODUCT_BUNDLE_IDENTIFIER</key>
				<string>self.edu.orestis.$(PRODUCT_NAME:rfc1034identifier)</string>
				<key>PRODUCT_NAME</key>
				<string>$(TARGET_NAME)</string>
				<key>TEST_HOST</key>
				<string>$(BUILT_PRODUCTS_DIR)/FQFliqBasic.app/FQFliqBasic</string>
			</dict>
			<key>isa</key>
			<string>XCBuildConfiguration</string>
			<key>name</key>
			<string>Release</string>
		</dict>
		<key>CE71848D1A603B49009B10F3</key>
		<dict>
			<key>children</key>
			<array>
				<string>CEA9CA271A65F064004A295E</string>
				<string>CE71848E1A603B57009B10F3</string>
				<string>A097AB9AF2BCDE184A1B3403</string>
			</array>
			<key>isa</key>
			<string>PBXGroup</string>
			<key>name</key>
			<string>Frameworks</string>
			<key>sourceTree</key>
			<string>&lt;group&gt;</string>
		</dict>
		<key>CE71848E1A603B57009B10F3</key>
		<dict>
			<key>isa</key>
			<string>PBXFileReference</string>
			<key>lastKnownFileType</key>
			<string>wrapper.framework</string>
			<key>name</key>
			<string>CoreBluetooth.framework</string>
			<key>path</key>
			<string>System/Library/Frameworks/CoreBluetooth.framework</string>
			<key>sourceTree</key>
			<string>SDKROOT</string>
		</dict>
		<key>CE71848F1A603B57009B10F3</key>
		<dict>
			<key>fileRef</key>
			<string>CE71848E1A603B57009B10F3</string>
			<key>isa</key>
			<string>PBXBuildFile</string>
		</dict>
		<key>CE7184901A603BC7009B10F3</key>
		<dict>
			<key>isa</key>
			<string>PBXFileReference</string>
			<key>lastKnownFileType</key>
			<string>sourcecode.c.h</string>
			<key>path</key>
			<string>UserValues.h</string>
			<key>sourceTree</key>
			<string>&lt;group&gt;</string>
		</dict>
		<key>CEA123E61CDD2F6100DBE3B0</key>
		<dict>
			<key>fileEncoding</key>
			<string>4</string>
			<key>isa</key>
			<string>PBXFileReference</string>
			<key>lastKnownFileType</key>
			<string>sourcecode.c.h</string>
			<key>path</key>
			<string>BeaconsViewController.h</string>
			<key>sourceTree</key>
			<string>&lt;group&gt;</string>
		</dict>
		<key>CEA123E71CDD2F6100DBE3B0</key>
		<dict>
			<key>fileEncoding</key>
			<string>4</string>
			<key>isa</key>
			<string>PBXFileReference</string>
			<key>lastKnownFileType</key>
			<string>sourcecode.c.objc</string>
			<key>path</key>
			<string>BeaconsViewController.m</string>
			<key>sourceTree</key>
			<string>&lt;group&gt;</string>
		</dict>
		<key>CEA123E81CDD2F6100DBE3B0</key>
		<dict>
			<key>fileRef</key>
			<string>CEA123E71CDD2F6100DBE3B0</string>
			<key>isa</key>
			<string>PBXBuildFile</string>
		</dict>
		<key>CEA9CA271A65F064004A295E</key>
		<dict>
			<key>isa</key>
			<string>PBXFileReference</string>
			<key>lastKnownFileType</key>
			<string>wrapper.framework</string>
			<key>name</key>
			<string>AddressBook.framework</string>
			<key>path</key>
			<string>System/Library/Frameworks/AddressBook.framework</string>
			<key>sourceTree</key>
			<string>SDKROOT</string>
		</dict>
		<key>CEA9CA281A65F064004A295E</key>
		<dict>
			<key>fileRef</key>
			<string>CEA9CA271A65F064004A295E</string>
			<key>isa</key>
			<string>PBXBuildFile</string>
		</dict>
		<key>CEC09BBD1A74320B007ED528</key>
		<dict>
			<key>fileEncoding</key>
			<string>4</string>
			<key>isa</key>
			<string>PBXFileReference</string>
			<key>lastKnownFileType</key>
			<string>sourcecode.c.h</string>
			<key>path</key>
			<string>AddContactViewController.h</string>
			<key>sourceTree</key>
			<string>&lt;group&gt;</string>
		</dict>
		<key>CEC09BBE1A74320B007ED528</key>
		<dict>
			<key>fileEncoding</key>
			<string>4</string>
			<key>isa</key>
			<string>PBXFileReference</string>
			<key>lastKnownFileType</key>
			<string>sourcecode.c.objc</string>
			<key>path</key>
			<string>AddContactViewController.m</string>
			<key>sourceTree</key>
			<string>&lt;group&gt;</string>
		</dict>
		<key>CEC09BBF1A74320B007ED528</key>
		<dict>
			<key>fileRef</key>
			<string>CEC09BBE1A74320B007ED528</string>
			<key>isa</key>
			<string>PBXBuildFile</string>
		</dict>
		<key>CED3F5EF1AF976640054C7F2</key>
		<dict>
			<key>children</key>
			<array>
				<string>CED3F5F01AF976950054C7F2</string>
				<string>CED3F5F11AF976950054C7F2</string>
			</array>
			<key>isa</key>
			<string>PBXGroup</string>
			<key>name</key>
			<string>Models</string>
			<key>sourceTree</key>
			<string>&lt;group&gt;</string>
		</dict>
		<key>CED3F5F01AF976950054C7F2</key>
		<dict>
			<key>fileEncoding</key>
			<string>4</string>
			<key>isa</key>
			<string>PBXFileReference</string>
			<key>lastKnownFileType</key>
			<string>sourcecode.c.h</string>
			<key>path</key>
			<string>FQPeripheral.h</string>
			<key>sourceTree</key>
			<string>&lt;group&gt;</string>
		</dict>
		<key>CED3F5F11AF976950054C7F2</key>
		<dict>
			<key>fileEncoding</key>
			<string>4</string>
			<key>isa</key>
			<string>PBXFileReference</string>
			<key>lastKnownFileType</key>
			<string>sourcecode.c.objc</string>
			<key>path</key>
			<string>FQPeripheral.m</string>
			<key>sourceTree</key>
			<string>&lt;group&gt;</string>
		</dict>
		<key>CED3F5F21AF976950054C7F2</key>
		<dict>
			<key>fileRef</key>
			<string>CED3F5F11AF976950054C7F2</string>
			<key>isa</key>
			<string>PBXBuildFile</string>
		</dict>
		<key>CEDEB20C1ACC91AA00EC4A63</key>
		<dict>
			<key>fileEncoding</key>
			<string>4</string>
			<key>isa</key>
			<string>PBXFileReference</string>
			<key>lastKnownFileType</key>
			<string>sourcecode.c.h</string>
			<key>path</key>
			<string>ScanViewController.h</string>
			<key>sourceTree</key>
			<string>&lt;group&gt;</string>
		</dict>
		<key>CEDEB20D1ACC91AA00EC4A63</key>
		<dict>
			<key>fileEncoding</key>
			<string>4</string>
			<key>isa</key>
			<string>PBXFileReference</string>
			<key>lastKnownFileType</key>
			<string>sourcecode.c.objc</string>
			<key>path</key>
			<string>ScanViewController.m</string>
			<key>sourceTree</key>
			<string>&lt;group&gt;</string>
		</dict>
		<key>CEDEB20E1ACC91AA00EC4A63</key>
		<dict>
			<key>fileRef</key>
			<string>CEDEB20D1ACC91AA00EC4A63</string>
			<key>isa</key>
			<string>PBXBuildFile</string>
		</dict>
		<key>E4B5A463BACB17A30E51C960</key>
		<dict>
			<key>includeInIndex</key>
			<string>1</string>
			<key>isa</key>
			<string>PBXFileReference</string>
			<key>lastKnownFileType</key>
			<string>text.xcconfig</string>
			<key>name</key>
			<string>Pods.debug.xcconfig</string>
			<key>path</key>
			<string>Pods/Target Support Files/Pods/Pods.debug.xcconfig</string>
			<key>sourceTree</key>
			<string>&lt;group&gt;</string>
		</dict>
		<key>E8BC579E3062D471A97FC0C5</key>
		<dict>
			<key>fileRef</key>
			<string>A097AB9AF2BCDE184A1B3403</string>
			<key>isa</key>
			<string>PBXBuildFile</string>
		</dict>
	</dict>
	<key>rootObject</key>
	<string>CE7184591A5E11FA009B10F3</string>
</dict>
</plist>
